# This file is automatically @generated by Cargo.
# It is not intended for manual editing.
version = 4

[[package]]
name = "aoc2025"
version = "0.1.0"
dependencies = [
 "rangemap",
]

[[package]]
name = "rangemap"
version = "1.7.0"
source = "registry+https://github.com/rust-lang/crates.io-index"
checksum = "acbbbbea733ec66275512d0b9694f34102e7d5406fdbe2ad8d21b28dce92887c"
